<?xml version="1.0" encoding="utf-8"?>
<Project ToolsVersion="4.0" xmlns="http://schemas.microsoft.com/developer/msbuild/2003">
  <ItemGroup>
    <Filter Include="Form Files">
      <UniqueIdentifier>{99349809-55BA-4b9d-BF79-8FDBB0286EB3}</UniqueIdentifier>
      <Extensions>ui</Extensions>
      <ParseFiles>false</ParseFiles>
    </Filter>
    <Filter Include="Form Files">
      <UniqueIdentifier>{99349809-55BA-4b9d-BF79-8FDBB0286EB3}</UniqueIdentifier>
      <Extensions>ui</Extensions>
      <ParseFiles>false</ParseFiles>
    </Filter>
    <Filter Include="Generated Files">
      <UniqueIdentifier>{71ED8ED8-ACB9-4CE9-BBE1-E00B30144E11}</UniqueIdentifier>
      <Extensions>cpp;c;cxx;moc;h;def;odl;idl;res;</Extensions>
    </Filter>
    <Filter Include="Generated Files">
      <UniqueIdentifier>{71ED8ED8-ACB9-4CE9-BBE1-E00B30144E11}</UniqueIdentifier>
      <Extensions>cpp;c;cxx;moc;h;def;odl;idl;res;</Extensions>
    </Filter>
    <Filter Include="Header Files">
      <UniqueIdentifier>{93995380-89BD-4b04-88EB-625FBE52EBFB}</UniqueIdentifier>
      <Extensions>h;hpp;hxx;hm;inl;inc;xsd</Extensions>
    </Filter>
    <Filter Include="Header Files">
      <UniqueIdentifier>{93995380-89BD-4b04-88EB-625FBE52EBFB}</UniqueIdentifier>
      <Extensions>h;hpp;hxx;hm;inl;inc;xsd</Extensions>
    </Filter>
    <Filter Include="Source Files">
      <UniqueIdentifier>{4FC737F1-C7A5-4376-A066-2A32D752A2FF}</UniqueIdentifier>
      <Extensions>cpp;c;cxx;def;odl;idl;hpj;bat;asm;asmx</Extensions>
    </Filter>
    <Filter Include="Source Files">
      <UniqueIdentifier>{4FC737F1-C7A5-4376-A066-2A32D752A2FF}</UniqueIdentifier>
      <Extensions>cpp;c;cxx;def;odl;idl;hpj;bat;asm;asmx</Extensions>
    </Filter>
    <Filter Include="Generated Files\Release">
      <UniqueIdentifier>{03ee8b38-533d-4067-bf9e-8d853f09bc36}</UniqueIdentifier>
      <Extensions>cpp;moc</Extensions>
      <SourceControlFiles>False</SourceControlFiles>
    </Filter>
    <Filter Include="Generated Files\Debug">
      <UniqueIdentifier>{2105e702-8ba6-478a-94c9-bba5d6cfab74}</UniqueIdentifier>
      <Extensions>cpp;moc</Extensions>
      <SourceControlFiles>False</SourceControlFiles>
    </Filter>
  </ItemGroup>
  <ItemGroup>
    <ClCompile Include="analyzer\CapPackageStatic.cpp">
      <Filter>Source Files</Filter>
    </ClCompile>
    <ClCompile Include="analyzer\CapPackagesMnger.cpp">
      <Filter>Source Files</Filter>
    </ClCompile>
    <ClCompile Include="analyzer\CapTransformer.cpp">
      <Filter>Source Files</Filter>
    </ClCompile>
    <ClCompile Include="analyzer\LibpCapFileMnger.cpp">
      <Filter>Source Files</Filter>
    </ClCompile>
    <ClCompile Include="common\Lock.cpp">
      <Filter>Source Files</Filter>
    </ClCompile>
    <ClCompile Include="common\LogFile.cpp">
      <Filter>Source Files</Filter>
    </ClCompile>
    <ClCompile Include="common\Msg2SmvPdu.cpp">
      <Filter>Source Files</Filter>
    </ClCompile>
    <ClCompile Include="analyzer\PackageCovertWrapper.cpp">
      <Filter>Source Files</Filter>
    </ClCompile>
    <ClCompile Include="analyzer\Packet2Message.cpp">
      <Filter>Source Files</Filter>
    </ClCompile>
    <ClCompile Include="common\ParseASN1.cpp">
      <Filter>Source Files</Filter>
    </ClCompile>
    <ClCompile Include="analyzer\ScanDissectPacketer.cpp">
      <Filter>Source Files</Filter>
    </ClCompile>
    <ClCompile Include="common\XJErrorID.cpp">
      <Filter>Source Files</Filter>
    </ClCompile>
    <ClCompile Include="common\XJFile.cpp">
      <Filter>Source Files</Filter>
    </ClCompile>
    <ClCompile Include="common\XJString.cpp">
      <Filter>Source Files</Filter>
    </ClCompile>
    <ClCompile Include="anakit.cpp">
      <Filter>Source Files</Filter>
    </ClCompile>
    <ClCompile Include="common\globalfun.cpp">
      <Filter>Source Files</Filter>
    </ClCompile>
    <ClCompile Include="main.cpp">
      <Filter>Source Files</Filter>
    </ClCompile>
    <ClCompile Include="mainwindow.cpp">
      <Filter>Source Files</Filter>
    </ClCompile>
    <ClCompile Include="common\xjlib.cpp">
      <Filter>Source Files</Filter>
    </ClCompile>
    <ClCompile Include="GeneratedFiles\Release\moc_mainwindow.cpp">
      <Filter>Generated Files\Release</Filter>
    </ClCompile>
    <ClCompile Include="GeneratedFiles\Debug\moc_mainwindow.cpp">
      <Filter>Generated Files\Debug</Filter>
    </ClCompile>
  </ItemGroup>
  <ItemGroup>
    <ClInclude Include="common\AT_STRUCT.h">
      <Filter>Header Files</Filter>
    </ClInclude>
    <ClInclude Include="analyzer\CapPackageStatic.h">
      <Filter>Header Files</Filter>
    </ClInclude>
    <ClInclude Include="analyzer\CapPackagesMnger.h">
      <Filter>Header Files</Filter>
    </ClInclude>
    <ClInclude Include="analyzer\CapTransformer.h">
      <Filter>Header Files</Filter>
    </ClInclude>
    <ClInclude Include="analyzer\LibpCapFileMnger.h">
      <Filter>Header Files</Filter>
    </ClInclude>
    <ClInclude Include="common\Lock.h">
      <Filter>Header Files</Filter>
    </ClInclude>
    <ClInclude Include="common\LogFile.h">
      <Filter>Header Files</Filter>
    </ClInclude>
    <ClInclude Include="common\Msg2SmvPdu.h">
      <Filter>Header Files</Filter>
    </ClInclude>
    <ClInclude Include="analyzer\PackageCovertWrapper.h">
      <Filter>Header Files</Filter>
    </ClInclude>
    <ClInclude Include="analyzer\Packet2Message.h">
      <Filter>Header Files</Filter>
    </ClInclude>
    <ClInclude Include="common\ParseASN1.h">
      <Filter>Header Files</Filter>
    </ClInclude>
    <ClInclude Include="analyzer\ScanDissectPacketer.h">
      <Filter>Header Files</Filter>
    </ClInclude>
    <ClInclude Include="common\Scan_Dissect_Pkt_Struct.h">
      <Filter>Header Files</Filter>
    </ClInclude>
    <ClInclude Include="common\XJErrorID.h">
      <Filter>Header Files</Filter>
    </ClInclude>
    <ClInclude Include="common\XJFile.h">
      <Filter>Header Files</Filter>
    </ClInclude>
    <ClInclude Include="anakit.h">
      <Filter>Header Files</Filter>
    </ClInclude>
    <ClInclude Include="common\define_scan.h">
      <Filter>Header Files</Filter>
    </ClInclude>
    <CustomBuild Include="mainwindow.h">
      <Filter>Header Files</Filter>
    </CustomBuild>
    <ClInclude Include="common\xjlib.h">
      <Filter>Header Files</Filter>
    </ClInclude>
    <ClInclude Include="GeneratedFiles\ui_mainwindow.h">
      <Filter>Generated Files</Filter>
    </ClInclude>
  </ItemGroup>
  <ItemGroup>
    <CustomBuild Include="mainwindow.ui">
      <Filter>Form Files</Filter>
    </CustomBuild>
  </ItemGroup>
</Project>